
Microsoft Visual Studio Solution File, Format Version 12.00
# Visual Studio Version 17
VisualStudioVersion = 17.14.36705.20 d17.14
MinimumVisualStudioVersion = 10.0.40219.1
Project("{FAE04EC0-301F-11D3-BF4B-00C04F79EFBC}") = "JobTracker.DataLogic", "JobTracker.DataLogic\JobTracker.DataLogic.csproj", "{B09F2955-425D-48AE-91E4-4A44A6F825A0}"
EndProject
Project("{FAE04EC0-301F-11D3-BF4B-00C04F79EFBC}") = "JobTracker.BusinessLogic", "JobTracker.BusinessLogic\JobTracker.BusinessLogic.csproj", "{CF308CC3-B92C-4217-AF3B-B7E655E8AC79}"
EndProject
Project("{FAE04EC0-301F-11D3-BF4B-00C04F79EFBC}") = "JobTracker.Repository", "JobTracker.Repository\JobTracker.Repository.csproj", "{0B751026-DF33-4E33-8AAF-F3A1C7CFFF3C}"
EndProject
Project("{FAE04EC0-301F-11D3-BF4B-00C04F79EFBC}") = "JobTracker.ViewLogic", "JobTracker.ViewLogic\JobTracker.ViewLogic.csproj", "{A14A327D-65CB-4F97-BE3A-E847BDE47411}"
EndProject
Project("{FAE04EC0-301F-11D3-BF4B-00C04F79EFBC}") = "JobTracker.Web", "JobTracker.Web\JobTracker.Web.csproj", "{FAA3C5DF-4804-4FAC-B04D-5967AF852A26}"
EndProject
Global
	GlobalSection(SolutionConfigurationPlatforms) = preSolution
		Debug|Any CPU = Debug|Any CPU
		Release|Any CPU = Release|Any CPU
	EndGlobalSection
	GlobalSection(ProjectConfigurationPlatforms) = postSolution
		{B09F2955-425D-48AE-91E4-4A44A6F825A0}.Debug|Any CPU.ActiveCfg = Debug|Any CPU
		{B09F2955-425D-48AE-91E4-4A44A6F825A0}.Debug|Any CPU.Build.0 = Debug|Any CPU
		{B09F2955-425D-48AE-91E4-4A44A6F825A0}.Release|Any CPU.ActiveCfg = Release|Any CPU
		{B09F2955-425D-48AE-91E4-4A44A6F825A0}.Release|Any CPU.Build.0 = Release|Any CPU
		{CF308CC3-B92C-4217-AF3B-B7E655E8AC79}.Debug|Any CPU.ActiveCfg = Debug|Any CPU
		{CF308CC3-B92C-4217-AF3B-B7E655E8AC79}.Debug|Any CPU.Build.0 = Debug|Any CPU
		{CF308CC3-B92C-4217-AF3B-B7E655E8AC79}.Release|Any CPU.ActiveCfg = Release|Any CPU
		{CF308CC3-B92C-4217-AF3B-B7E655E8AC79}.Release|Any CPU.Build.0 = Release|Any CPU
		{0B751026-DF33-4E33-8AAF-F3A1C7CFFF3C}.Debug|Any CPU.ActiveCfg = Debug|Any CPU
		{0B751026-DF33-4E33-8AAF-F3A1C7CFFF3C}.Debug|Any CPU.Build.0 = Debug|Any CPU
		{0B751026-DF33-4E33-8AAF-F3A1C7CFFF3C}.Release|Any CPU.ActiveCfg = Release|Any CPU
		{0B751026-DF33-4E33-8AAF-F3A1C7CFFF3C}.Release|Any CPU.Build.0 = Release|Any CPU
		{A14A327D-65CB-4F97-BE3A-E847BDE47411}.Debug|Any CPU.ActiveCfg = Debug|Any CPU
		{A14A327D-65CB-4F97-BE3A-E847BDE47411}.Debug|Any CPU.Build.0 = Debug|Any CPU
		{A14A327D-65CB-4F97-BE3A-E847BDE47411}.Release|Any CPU.ActiveCfg = Release|Any CPU
		{A14A327D-65CB-4F97-BE3A-E847BDE47411}.Release|Any CPU.Build.0 = Release|Any CPU
		{FAA3C5DF-4804-4FAC-B04D-5967AF852A26}.Debug|Any CPU.ActiveCfg = Debug|Any CPU
		{FAA3C5DF-4804-4FAC-B04D-5967AF852A26}.Debug|Any CPU.Build.0 = Debug|Any CPU
		{FAA3C5DF-4804-4FAC-B04D-5967AF852A26}.Release|Any CPU.ActiveCfg = Release|Any CPU
		{FAA3C5DF-4804-4FAC-B04D-5967AF852A26}.Release|Any CPU.Build.0 = Release|Any CPU
	EndGlobalSection
	GlobalSection(SolutionProperties) = preSolution
		HideSolutionNode = FALSE
	EndGlobalSection
	GlobalSection(ExtensibilityGlobals) = postSolution
		SolutionGuid = {47B8D6DB-7E70-4346-B93D-852840C8D47E}
	EndGlobalSection
EndGlobal
